// !$*UTF8*$!
{
	archiveVersion = 1;
	classes = {
	};
	objectVersion = 50;
	objects = {

/* Begin PBXBuildFile section */
		B82D58AD25AECAC900506145 /* AppDelegate.swift in Sources */ = {isa = PBXBuildFile; fileRef = B82D58AC25AECAC900506145 /* AppDelegate.swift */; };
		B82D58AF25AECAC900506145 /* SceneDelegate.swift in Sources */ = {isa = PBXBuildFile; fileRef = B82D58AE25AECAC900506145 /* SceneDelegate.swift */; };
		B82D58B125AECAC900506145 /* ViewController.swift in Sources */ = {isa = PBXBuildFile; fileRef = B82D58B025AECAC900506145 /* ViewController.swift */; };
		B82D58B425AECAC900506145 /* Main.storyboard in Resources */ = {isa = PBXBuildFile; fileRef = B82D58B225AECAC900506145 /* Main.storyboard */; };
		B82D58B625AECAC900506145 /* Assets.xcassets in Resources */ = {isa = PBXBuildFile; fileRef = B82D58B525AECAC900506145 /* Assets.xcassets */; };
		B82D58B925AECAC900506145 /* LaunchScreen.storyboard in Resources */ = {isa = PBXBuildFile; fileRef = B82D58B725AECAC900506145 /* LaunchScreen.storyboard */; };
		B83DB50A25B1778B006F0FEA /* Sicilian_Breeze.mp3 in Resources */ = {isa = PBXBuildFile; fileRef = B83DB50925B1778B006F0FEA /* Sicilian_Breeze.mp3 */; };
		B881211D25B2CC6900365535 /* play.png in Resources */ = {isa = PBXBuildFile; fileRef = B881211925B2CC6900365535 /* play.png */; };
		B881211E25B2CC6900365535 /* record.png in Resources */ = {isa = PBXBuildFile; fileRef = B881211A25B2CC6900365535 /* record.png */; };
		B881211F25B2CC6900365535 /* stop.png in Resources */ = {isa = PBXBuildFile; fileRef = B881211B25B2CC6900365535 /* stop.png */; };
		B881212025B2CC6900365535 /* pause.png in Resources */ = {isa = PBXBuildFile; fileRef = B881211C25B2CC6900365535 /* pause.png */; };
/* End PBXBuildFile section */

/* Begin PBXFileReference section */
		B82D58A925AECAC900506145 /* Audio.app */ = {isa = PBXFileReference; explicitFileType = wrapper.application; includeInIndex = 0; path = Audio.app; sourceTree = BUILT_PRODUCTS_DIR; };
		B82D58AC25AECAC900506145 /* AppDelegate.swift */ = {isa = PBXFileReference; lastKnownFileType = sourcecode.swift; path = AppDelegate.swift; sourceTree = "<group>"; };
		B82D58AE25AECAC900506145 /* SceneDelegate.swift */ = {isa = PBXFileReference; lastKnownFileType = sourcecode.swift; path = SceneDelegate.swift; sourceTree = "<group>"; };
		B82D58B025AECAC900506145 /* ViewController.swift */ = {isa = PBXFileReference; lastKnownFileType = sourcecode.swift; path = ViewController.swift; sourceTree = "<group>"; };
		B82D58B325AECAC900506145 /* Base */ = {isa = PBXFileReference; lastKnownFileType = file.storyboard; name = Base; path = Base.lproj/Main.storyboard; sourceTree = "<group>"; };
		B82D58B525AECAC900506145 /* Assets.xcassets */ = {isa = PBXFileReference; lastKnownFileType = folder.assetcatalog; path = Assets.xcassets; sourceTree = "<group>"; };
		B82D58B825AECAC900506145 /* Base */ = {isa = PBXFileReference; lastKnownFileType = file.storyboard; name = Base; path = Base.lproj/LaunchScreen.storyboard; sourceTree = "<group>"; };
		B82D58BA25AECAC900506145 /* Info.plist */ = {isa = PBXFileReference; lastKnownFileType = text.plist.xml; path = Info.plist; sourceTree = "<group>"; };
		B83DB50925B1778B006F0FEA /* Sicilian_Breeze.mp3 */ = {isa = PBXFileReference; lastKnownFileType = audio.mp3; path = Sicilian_Breeze.mp3; sourceTree = "<group>"; };
		B881211925B2CC6900365535 /* play.png */ = {isa = PBXFileReference; lastKnownFileType = image.png; path = play.png; sourceTree = "<group>"; };
		B881211A25B2CC6900365535 /* record.png */ = {isa = PBXFileReference; lastKnownFileType = image.png; path = record.png; sourceTree = "<group>"; };
		B881211B25B2CC6900365535 /* stop.png */ = {isa = PBXFileReference; lastKnownFileType = image.png; path = stop.png; sourceTree = "<group>"; };
		B881211C25B2CC6900365535 /* pause.png */ = {isa = PBXFileReference; lastKnownFileType = image.png; path = pause.png; sourceTree = "<group>"; };
/* End PBXFileReference section */

/* Begin PBXFrameworksBuildPhase section */
		B82D58A625AECAC900506145 /* Frameworks */ = {
			isa = PBXFrameworksBuildPhase;
			buildActionMask = 2147483647;
			files = (
			);
			runOnlyForDeploymentPostprocessing = 0;
		};
/* End PBXFrameworksBuildPhase section */

/* Begin PBXGroup section */
		B82D58A025AECAC900506145 = {
			isa = PBXGroup;
			children = (
				B82D58AB25AECAC900506145 /* Audio */,
				B82D58AA25AECAC900506145 /* Products */,
			);
			sourceTree = "<group>";
		};
		B82D58AA25AECAC900506145 /* Products */ = {
			isa = PBXGroup;
			children = (
				B82D58A925AECAC900506145 /* Audio.app */,
			);
			name = Products;
			sourceTree = "<group>";
		};
		B82D58AB25AECAC900506145 /* Audio */ = {
			isa = PBXGroup;
			children = (
				B881211C25B2CC6900365535 /* pause.png */,
				B881211925B2CC6900365535 /* play.png */,
				B881211A25B2CC6900365535 /* record.png */,
				B881211B25B2CC6900365535 /* stop.png */,
				B83DB50925B1778B006F0FEA /* Sicilian_Breeze.mp3 */,
				B82D58AC25AECAC900506145 /* AppDelegate.swift */,
				B82D58AE25AECAC900506145 /* SceneDelegate.swift */,
				B82D58B025AECAC900506145 /* ViewController.swift */,
				B82D58B225AECAC900506145 /* Main.storyboard */,
				B82D58B525AECAC900506145 /* Assets.xcassets */,
				B82D58B725AECAC900506145 /* LaunchScreen.storyboard */,
				B82D58BA25AECAC900506145 /* Info.plist */,
			);
			path = Audio;
			sourceTree = "<group>";
		};
/* End PBXGroup section */

/* Begin PBXNativeTarget section */
		B82D58A825AECAC900506145 /* Audio */ = {
			isa = PBXNativeTarget;
			buildConfigurationList = B82D58BD25AECAC900506145 /* Build configuration list for PBXNativeTarget "Audio" */;
			buildPhases = (
				B82D58A525AECAC900506145 /* Sources */,
				B82D58A625AECAC900506145 /* Frameworks */,
				B82D58A725AECAC900506145 /* Resources */,
			);
			buildRules = (
			);
			dependencies = (
			);
			name = Audio;
			productName = Audio;
			productReference = B82D58A925AECAC900506145 /* Audio.app */;
			productType = "com.apple.product-type.application";
		};
/* End PBXNativeTarget section */

/* Begin PBXProject section */
		B82D58A125AECAC900506145 /* Project object */ = {
			isa = PBXProject;
			attributes = {
				LastSwiftUpdateCheck = 1160;
				LastUpgradeCheck = 1160;
				ORGANIZATIONNAME = "김가영";
				TargetAttributes = {
					B82D58A825AECAC900506145 = {
						CreatedOnToolsVersion = 11.6;
					};
				};
			};
			buildConfigurationList = B82D58A425AECAC900506145 /* Build configuration list for PBXProject "Audio" */;
			compatibilityVersion = "Xcode 9.3";
			developmentRegion = en;
			hasScannedForEncodings = 0;
			knownRegions = (
				en,
				Base,
			);
			mainGroup = B82D58A025AECAC900506145;
			productRefGroup = B82D58AA25AECAC900506145 /* Products */;
			projectDirPath = "";
			projectRoot = "";
			targets = (
				B82D58A825AECAC900506145 /* Audio */,
			);
		};
/* End PBXProject section */

/* Begin PBXResourcesBuildPhase section */
		B82D58A725AECAC900506145 /* Resources */ = {
			isa = PBXResourcesBuildPhase;
			buildActionMask = 2147483647;
			files = (
				B82D58B925AECAC900506145 /* LaunchScreen.storyboard in Resources */,
				B881211D25B2CC6900365535 /* play.png in Resources */,
				B881212025B2CC6900365535 /* pause.png in Resources */,
				B83DB50A25B1778B006F0FEA /* Sicilian_Breeze.mp3 in Resources */,
				B881211F25B2CC6900365535 /* stop.png in Resources */,
				B82D58B625AECAC900506145 /* Assets.xcassets in Resources */,
				B881211E25B2CC6900365535 /* record.png in Resources */,
				B82D58B425AECAC900506145 /* Main.storyboard in Resources */,
			);
			runOnlyForDeploymentPostprocessing = 0;
		};
/* End PBXResourcesBuildPhase section */

/* Begin PBXSourcesBuildPhase section */
		B82D58A525AECAC900506145 /* Sources */ = {
			isa = PBXSourcesBuildPhase;
			buildActionMask = 2147483647;
			files = (
				B82D58B125AECAC900506145 /* ViewController.swift in Sources */,
				B82D58AD25AECAC900506145 /* AppDelegate.swift in Sources */,
				B82D58AF25AECAC900506145 /* SceneDelegate.swift in Sources */,
			);
			runOnlyForDeploymentPostprocessing = 0;
		};
/* End PBXSourcesBuildPhase section */

/* Begin PBXVariantGroup section */
		B82D58B225AECAC900506145 /* Main.storyboard */ = {
			isa = PBXVariantGroup;
			children = (
				B82D58B325AECAC900506145 /* Base */,
			);
			name = Main.storyboard;
			sourceTree = "<group>";
		};
		B82D58B725AECAC900506145 /* LaunchScreen.storyboard */ = {
			isa = PBXVariantGroup;
			children = (
				B82D58B825AECAC900506145 /* Base */,
			);
			name = LaunchScreen.storyboard;
			sourceTree = "<group>";
		};
/* End PBXVariantGroup section */

/* Begin XCBuildConfiguration section */
		B82D58BB25AECAC900506145 /* Debug */ = {
			isa = XCBuildConfiguration;
			buildSettings = {
				ALWAYS_SEARCH_USER_PATHS = NO;
				CLANG_ANALYZER_NONNULL = YES;
				CLANG_ANALYZER_NUMBER_OBJECT_CONVERSION = YES_AGGRESSIVE;
				CLANG_CXX_LANGUAGE_STANDARD = "gnu++14";
				CLANG_CXX_LIBRARY = "libc++";
				CLANG_ENABLE_MODULES = YES;
				CLANG_ENABLE_OBJC_ARC = YES;
				CLANG_ENABLE_OBJC_WEAK = YES;
				CLANG_WARN_BLOCK_CAPTURE_AUTORELEASING = YES;
				CLANG_WARN_BOOL_CONVERSION = YES;
				CLANG_WARN_COMMA = YES;
				CLANG_WARN_CONSTANT_CONVERSION = YES;
				CLANG_WARN_DEPRECATED_OBJC_IMPLEMENTATIONS = YES;
				CLANG_WARN_DIRECT_OBJC_ISA_USAGE = YES_ERROR;
				CLANG_WARN_DOCUMENTATION_COMMENTS = YES;
				CLANG_WARN_EMPTY_BODY = YES;
				CLANG_WARN_ENUM_CONVERSION = YES;
				CLANG_WARN_INFINITE_RECURSION = YES;
				CLANG_WARN_INT_CONVERSION = YES;
				CLANG_WARN_NON_LITERAL_NULL_CONVERSION = YES;
				CLANG_WARN_OBJC_IMPLICIT_RETAIN_SELF = YES;
				CLANG_WARN_OBJC_LITERAL_CONVERSION = YES;
				CLANG_WARN_OBJC_ROOT_CLASS = YES_ERROR;
				CLANG_WARN_RANGE_LOOP_ANALYSIS = YES;
				CLANG_WARN_STRICT_PROTOTYPES = YES;
				CLANG_WARN_SUSPICIOUS_MOVE = YES;
				CLANG_WARN_UNGUARDED_AVAILABILITY = YES_AGGRESSIVE;
				CLANG_WARN_UNREACHABLE_CODE = YES;
				CLANG_WARN__DUPLICATE_METHOD_MATCH = YES;
				COPY_PHASE_STRIP = NO;
				DEBUG_INFORMATION_FORMAT = dwarf;
				ENABLE_STRICT_OBJC_MSGSEND = YES;
				ENABLE_TESTABILITY = YES;
				GCC_C_LANGUAGE_STANDARD = gnu11;
				GCC_DYNAMIC_NO_PIC = NO;
				GCC_NO_COMMON_BLOCKS = YES;
				GCC_OPTIMIZATION_LEVEL = 0;
				GCC_PREPROCESSOR_DEFINITIONS = (
					"DEBUG=1",
					"$(inherited)",
				);
				GCC_WARN_64_TO_32_BIT_CONVERSION = YES;
				GCC_WARN_ABOUT_RETURN_TYPE = YES_ERROR;
				GCC_WARN_UNDECLARED_SELECTOR = YES;
				GCC_WARN_UNINITIALIZED_AUTOS = YES_AGGRESSIVE;
				GCC_WARN_UNUSED_FUNCTION = YES;
				GCC_WARN_UNUSED_VARIABLE = YES;
				IPHONEOS_DEPLOYMENT_TARGET = 13.6;
				MTL_ENABLE_DEBUG_INFO = INCLUDE_SOURCE;
				MTL_FAST_MATH = YES;
				ONLY_ACTIVE_ARCH = YES;
				SDKROOT = iphoneos;
				SWIFT_ACTIVE_COMPILATION_CONDITIONS = DEBUG;
				SWIFT_OPTIMIZATION_LEVEL = "-Onone";
			};
			name = Debug;
		};
		B82D58BC25AECAC900506145 /* Release */ = {
			isa = XCBuildConfiguration;
			buildSettings = {
				ALWAYS_SEARCH_USER_PATHS = NO;
				CLANG_ANALYZER_NONNULL = YES;
				CLANG_ANALYZER_NUMBER_OBJECT_CONVERSION = YES_AGGRESSIVE;
				CLANG_CXX_LANGUAGE_STANDARD = "gnu++14";
				CLANG_CXX_LIBRARY = "libc++";
				CLANG_ENABLE_MODULES = YES;
				CLANG_ENABLE_OBJC_ARC = YES;
				CLANG_ENABLE_OBJC_WEAK = YES;
				CLANG_WARN_BLOCK_CAPTURE_AUTORELEASING = YES;
				CLANG_WARN_BOOL_CONVERSION = YES;
				CLANG_WARN_COMMA = YES;
				CLANG_WARN_CONSTANT_CONVERSION = YES;
				CLANG_WARN_DEPRECATED_OBJC_IMPLEMENTATIONS = YES;
				CLANG_WARN_DIRECT_OBJC_ISA_USAGE = YES_ERROR;
				CLANG_WARN_DOCUMENTATION_COMMENTS = YES;
				CLANG_WARN_EMPTY_BODY = YES;
				CLANG_WARN_ENUM_CONVERSION = YES;
				CLANG_WARN_INFINITE_RECURSION = YES;
				CLANG_WARN_INT_CONVERSION = YES;
				CLANG_WARN_NON_LITERAL_NULL_CONVERSION = YES;
				CLANG_WARN_OBJC_IMPLICIT_RETAIN_SELF = YES;
				CLANG_WARN_OBJC_LITERAL_CONVERSION = YES;
				CLANG_WARN_OBJC_ROOT_CLASS = YES_ERROR;
				CLANG_WARN_RANGE_LOOP_ANALYSIS = YES;
				CLANG_WARN_STRICT_PROTOTYPES = YES;
				CLANG_WARN_SUSPICIOUS_MOVE = YES;
				CLANG_WARN_UNGUARDED_AVAILABILITY = YES_AGGRESSIVE;
				CLANG_WARN_UNREACHABLE_CODE = YES;
				CLANG_WARN__DUPLICATE_METHOD_MATCH = YES;
				COPY_PHASE_STRIP = NO;
				DEBUG_INFORMATION_FORMAT = "dwarf-with-dsym";
				ENABLE_NS_ASSERTIONS = NO;
				ENABLE_STRICT_OBJC_MSGSEND = YES;
				GCC_C_LANGUAGE_STANDARD = gnu11;
				GCC_NO_COMMON_BLOCKS = YES;
				GCC_WARN_64_TO_32_BIT_CONVERSION = YES;
				GCC_WARN_ABOUT_RETURN_TYPE = YES_ERROR;
				GCC_WARN_UNDECLARED_SELECTOR = YES;
				GCC_WARN_UNINITIALIZED_AUTOS = YES_AGGRESSIVE;
				GCC_WARN_UNUSED_FUNCTION = YES;
				GCC_WARN_UNUSED_VARIABLE = YES;
				IPHONEOS_DEPLOYMENT_TARGET = 13.6;
				MTL_ENABLE_DEBUG_INFO = NO;
				MTL_FAST_MATH = YES;
				SDKROOT = iphoneos;
				SWIFT_COMPILATION_MODE = wholemodule;
				SWIFT_OPTIMIZATION_LEVEL = "-O";
				VALIDATE_PRODUCT = YES;
			};
			name = Release;
		};
		B82D58BE25AECAC900506145 /* Debug */ = {
			isa = XCBuildConfiguration;
			buildSettings = {
				ASSETCATALOG_COMPILER_APPICON_NAME = AppIcon;
				CODE_SIGN_STYLE = Automatic;
				DEVELOPMENT_TEAM = WD8C826TTW;
				INFOPLIST_FILE = Audio/Info.plist;
				LD_RUNPATH_SEARCH_PATHS = (
					"$(inherited)",
					"@executable_path/Frameworks",
				);
				PRODUCT_BUNDLE_IDENTIFIER = KimGaYoung.Audio;
				PRODUCT_NAME = "$(TARGET_NAME)";
				SWIFT_VERSION = 5.0;
				TARGETED_DEVICE_FAMILY = "1,2";
			};
			name = Debug;
		};
		B82D58BF25AECAC900506145 /* Release */ = {
			isa = XCBuildConfiguration;
			buildSettings = {
				ASSETCATALOG_COMPILER_APPICON_NAME = AppIcon;
				CODE_SIGN_STYLE = Automatic;
				DEVELOPMENT_TEAM = WD8C826TTW;
				INFOPLIST_FILE = Audio/Info.plist;
				LD_RUNPATH_SEARCH_PATHS = (
					"$(inherited)",
					"@executable_path/Frameworks",
				);
				PRODUCT_BUNDLE_IDENTIFIER = KimGaYoung.Audio;
				PRODUCT_NAME = "$(TARGET_NAME)";
				SWIFT_VERSION = 5.0;
				TARGETED_DEVICE_FAMILY = "1,2";
			};
			name = Release;
		};
/* End XCBuildConfiguration section */

/* Begin XCConfigurationList section */
		B82D58A425AECAC900506145 /* Build configuration list for PBXProject "Audio" */ = {
			isa = XCConfigurationList;
			buildConfigurations = (
				B82D58BB25AECAC900506145 /* Debug */,
				B82D58BC25AECAC900506145 /* Release */,
			);
			defaultConfigurationIsVisible = 0;
			defaultConfigurationName = Release;
		};
		B82D58BD25AECAC900506145 /* Build configuration list for PBXNativeTarget "Audio" */ = {
			isa = XCConfigurationList;
			buildConfigurations = (
				B82D58BE25AECAC900506145 /* Debug */,
				B82D58BF25AECAC900506145 /* Release */,
			);
			defaultConfigurationIsVisible = 0;
			defaultConfigurationName = Release;
		};
/* End XCConfigurationList section */
	};
	rootObject = B82D58A125AECAC900506145 /* Project object */;
}
